{
  "originHash" : "8203cf1be5cadaf792eaa35c1a5b59bcd15db0746d38d1a18f836b1462a5ca35",
  "pins" : [
    {
      "identity" : "alamofire",
      "kind" : "remoteSourceControl",
      "location" : "https://github.com/Alamofire/Alamofire.git",
      "state" : {
        "revision" : "513364f870f6bfc468f9d2ff0a95caccc10044c5",
        "version" : "5.10.2"
      }
    },
    {
      "identity" : "codablefirebase",
      "kind" : "remoteSourceControl",
      "location" : "https://github.com/alickbass/CodableFirebase",
      "state" : {
        "revision" : "a4cda89948db93ec21249a35ecdacab8c489a116",
        "version" : "0.2.2"
      }
    },
    {
      "identity" : "fscalendar",
      "kind" : "remoteSourceControl",
      "location" : "https://github.com/WenchaoD/FSCalendar.git",
      "state" : {
        "revision" : "0fbdec5172fccb90f707472eeaea4ffe095278f6",
        "version" : "2.8.4"
      }
    },
    {
      "identity" : "peko-ae-ios-utility-spm",
      "kind" : "remoteSourceControl",
      "location" : "https://github.com/makwanahardik82/Peko-AE-iOS-Utility-SPM.git",
      "state" : {
        "revision" : "448de5ed4dfdb1ecc8417dd5ac7039804a408b10",
        "version" : "1.0.0"
      }
    },
    {
      "identity" : "purelayout",
      "kind" : "remoteSourceControl",
      "location" : "https://github.com/PureLayout/PureLayout.git",
      "state" : {
        "revision" : "5561683c96dc49b023c1299bfe4f6fbeed5f8199",
        "version" : "3.1.9"
      }
    },
    {
      "identity" : "sdwebimage",
      "kind" : "remoteSourceControl",
      "location" : "https://github.com/SDWebImage/SDWebImage.git",
      "state" : {
        "revision" : "2053b120767c42a70bcba21095f34e4cfb54a75d",
        "version" : "5.21.3"
      }
    },
    {
      "identity" : "skeletonview",
      "kind" : "remoteSourceControl",
      "location" : "https://github.com/Juanpe/SkeletonView.git",
      "state" : {
        "revision" : "2f5274827d310e32c09325dd3e0007120940988e",
        "version" : "1.31.0"
      }
    }
  ],
  "version" : 3
}
